
Microsoft Visual Studio Solution File, Format Version 12.00
# Visual Studio Version 17
VisualStudioVersion = 17.2.32630.192
MinimumVisualStudioVersion = 10.0.40219.1
Project("{FAE04EC0-301F-11D3-BF4B-00C04F79EFBC}") = "CRUD2", "CRUD2\CRUD2.csproj", "{51B901C6-721A-482C-A69F-A61B97CAB76B}"
EndProject
Global
	GlobalSection(SolutionConfigurationPlatforms) = preSolution
		Debug|Any CPU = Debug|Any CPU
		Release|Any CPU = Release|Any CPU
	EndGlobalSection
	GlobalSection(ProjectConfigurationPlatforms) = postSolution
		{51B901C6-721A-482C-A69F-A61B97CAB76B}.Debug|Any CPU.ActiveCfg = Debug|Any CPU
		{51B901C6-721A-482C-A69F-A61B97CAB76B}.Debug|Any CPU.Build.0 = Debug|Any CPU
		{51B901C6-721A-482C-A69F-A61B97CAB76B}.Release|Any CPU.ActiveCfg = Release|Any CPU
		{51B901C6-721A-482C-A69F-A61B97CAB76B}.Release|Any CPU.Build.0 = Release|Any CPU
	EndGlobalSection
	GlobalSection(SolutionProperties) = preSolution
		HideSolutionNode = FALSE
	EndGlobalSection
	GlobalSection(ExtensibilityGlobals) = postSolution
		SolutionGuid = {1FFC1FDB-9606-4C10-A591-072F1438859E}
	EndGlobalSection
EndGlobal
